Microsoft Visual Studio Solution File, Format Version 12.00
# Visual Studio Version 17.13.35825.156
VisualStudioVersion = 17.13.35825.156
MinimumVisualStudioVersion = 10.0.40219.1
Project("{FAE04EC0-301F-11D3-BF4B-00C04F79EFBC}") = "EntertainmentCenter.API", "EntertainmentCenter.API\EntertainmentCenter.API.csproj", "{A1B2C3D4-E5F6-7890-ABCD-EF1234567890}"
EndProject
Project("{FAE04EC0-301F-11D3-BF4B-00C04F79EFBC}") = "EntertainmentCenter.MAUI", "EntertainmentCenter.MAUI\EntertainmentCenter.MAUI\EntertainmentCenter.csproj", "{AA57A94D-5AED-4195-8014-C83680E12650}"
EndProject
Project("{FAE04EC0-301F-11D3-BF4B-00C04F79EFBC}") = "EntertainmentCenter.UnitTests", "EntertainmentCenter.UnitTests\EntertainmentCenter.UnitTests.csproj", "{C3D4E5F6-A7B8-9012-CDEF-34567890ABCD}"
EndProject
Project("{FAE04EC0-301F-11D3-BF4B-00C04F79EFBC}") = "EntertainmentCenter.IntegrationTests", "EntertainmentCenter.IntegrationTests\EntertainmentCenter.IntegrationTests.csproj", "{D4E5F6A7-B8C9-0123-DEF4-567890ABCDEF}"
EndProject
Global
    GlobalSection(SolutionConfigurationPlatforms) = preSolution
        Debug|Any CPU = Debug|Any CPU
        Release|Any CPU = Release|Any CPU
    EndGlobalSection
    GlobalSection(ProjectConfigurationPlatforms) = postSolution
        {A1B2C3D4-E5F6-7890-ABCD-EF1234567890}.Debug|Any CPU.ActiveCfg = Debug|Any CPU
        {A1B2C3D4-E5F6-7890-ABCD-EF1234567890}.Debug|Any CPU.Build.0 = Debug|Any CPU
        {A1B2C3D4-E5F6-7890-ABCD-EF1234567890}.Release|Any CPU.ActiveCfg = Release|Any CPU
        {A1B2C3D4-E5F6-7890-ABCD-EF1234567890}.Release|Any CPU.Build.0 = Release|Any CPU
        {AA57A94D-5AED-4195-8014-C83680E12650}.Debug|Any CPU.ActiveCfg = Debug|Any CPU
        {AA57A94D-5AED-4195-8014-C83680E12650}.Debug|Any CPU.Build.0 = Debug|Any CPU
        {AA57A94D-5AED-4195-8014-C83680E12650}.Release|Any CPU.ActiveCfg = Release|Any CPU
        {AA57A94D-5AED-4195-8014-C83680E12650}.Release|Any CPU.Build.0 = Release|Any CPU
        {C3D4E5F6-A7B8-9012-CDEF-34567890ABCD}.Debug|Any CPU.ActiveCfg = Debug|Any CPU
        {C3D4E5F6-A7B8-9012-CDEF-34567890ABCD}.Debug|Any CPU.Build.0 = Debug|Any CPU
        {C3D4E5F6-A7B8-9012-CDEF-34567890ABCD}.Release|Any CPU.ActiveCfg = Release|Any CPU
        {C3D4E5F6-A7B8-9012-CDEF-34567890ABCD}.Release|Any CPU.Build.0 = Release|Any CPU
        {D4E5F6A7-B8C9-0123-DEF4-567890ABCDEF}.Debug|Any CPU.ActiveCfg = Debug|Any CPU
        {D4E5F6A7-B8C9-0123-DEF4-567890ABCDEF}.Debug|Any CPU.Build.0 = Debug|Any CPU
        {D4E5F6A7-B8C9-0123-DEF4-567890ABCDEF}.Release|Any CPU.ActiveCfg = Release|Any CPU
        {D4E5F6A7-B8C9-0123-DEF4-567890ABCDEF}.Release|Any CPU.Build.0 = Release|Any CPU
    EndGlobalSection
EndGlobal